
Microsoft Visual Studio Solution File, Format Version 12.00
# Visual Studio Version 16
VisualStudioVersion = 16.0.29326.143
MinimumVisualStudioVersion = 10.0.40219.1
Project("{FAE04EC0-301F-11D3-BF4B-00C04F79EFBC}") = "hotel", "hotel.csproj", "{8F7B2499-7816-4F50-B367-3D202E1B1DB1}"
EndProject
Project("{FAE04EC0-301F-11D3-BF4B-00C04F79EFBC}") = "Library_hotel", "..\Library_hotel\Library_hotel.csproj", "{84E85894-1E70-4DD3-9F27-6CFDB0AF4812}"
EndProject
Global
	GlobalSection(SolutionConfigurationPlatforms) = preSolution
		Debug|Any CPU = Debug|Any CPU
		Release|Any CPU = Release|Any CPU
	EndGlobalSection
	GlobalSection(ProjectConfigurationPlatforms) = postSolution
		{8F7B2499-7816-4F50-B367-3D202E1B1DB1}.Debug|Any CPU.ActiveCfg = Debug|Any CPU
		{8F7B2499-7816-4F50-B367-3D202E1B1DB1}.Debug|Any CPU.Build.0 = Debug|Any CPU
		{8F7B2499-7816-4F50-B367-3D202E1B1DB1}.Release|Any CPU.ActiveCfg = Release|Any CPU
		{8F7B2499-7816-4F50-B367-3D202E1B1DB1}.Release|Any CPU.Build.0 = Release|Any CPU
		{84E85894-1E70-4DD3-9F27-6CFDB0AF4812}.Debug|Any CPU.ActiveCfg = Debug|Any CPU
		{84E85894-1E70-4DD3-9F27-6CFDB0AF4812}.Debug|Any CPU.Build.0 = Debug|Any CPU
		{84E85894-1E70-4DD3-9F27-6CFDB0AF4812}.Release|Any CPU.ActiveCfg = Release|Any CPU
		{84E85894-1E70-4DD3-9F27-6CFDB0AF4812}.Release|Any CPU.Build.0 = Release|Any CPU
	EndGlobalSection
	GlobalSection(SolutionProperties) = preSolution
		HideSolutionNode = FALSE
	EndGlobalSection
	GlobalSection(ExtensibilityGlobals) = postSolution
		SolutionGuid = {9407628D-6C56-448F-B03D-75542E5008CF}
	EndGlobalSection
EndGlobal
